PODS:
  - Alamofire (5.9.1)
  - Capacitor (6.2.0):
    - CapacitorCordova
  - CapacitorApp (6.0.2):
    - Capacitor
  - CapacitorCordova (6.2.0)
  - CapacitorHaptics (6.0.2):
    - Capacitor
  - CapacitorKeyboard (6.0.3):
    - Capacitor
  - CapacitorStatusBar (6.0.2):
    - Capacitor
  - CapawesomeCapacitorLiveUpdate (6.7.2):
    - Alamofire (~> 5.9.0)
    - Capacitor
    - SSZipArchive (~> 2.2)
  - SSZipArchive (2.4.3)

DEPENDENCIES:
  - "Capacitor (from `../../node_modules/@capacitor/ios`)"
  - "CapacitorApp (from `../../node_modules/@capacitor/app`)"
  - "CapacitorCordova (from `../../node_modules/@capacitor/ios`)"
  - "CapacitorHaptics (from `../../node_modules/@capacitor/haptics`)"
  - "CapacitorKeyboard (from `../../node_modules/@capacitor/keyboard`)"
  - "CapacitorStatusBar (from `../../node_modules/@capacitor/status-bar`)"
  - "CapawesomeCapacitorLiveUpdate (from `../../node_modules/@capawesome/capacitor-live-update`)"

SPEC REPOS:
  trunk:
    - Alamofire
    - SSZipArchive

EXTERNAL SOURCES:
  Capacitor:
    :path: "../../node_modules/@capacitor/ios"
  CapacitorApp:
    :path: "../../node_modules/@capacitor/app"
  CapacitorCordova:
    :path: "../../node_modules/@capacitor/ios"
  CapacitorHaptics:
    :path: "../../node_modules/@capacitor/haptics"
  CapacitorKeyboard:
    :path: "../../node_modules/@capacitor/keyboard"
  CapacitorStatusBar:
    :path: "../../node_modules/@capacitor/status-bar"
  CapawesomeCapacitorLiveUpdate:
    :path: "../../node_modules/@capawesome/capacitor-live-update"

SPEC CHECKSUMS:
  Alamofire: f36a35757af4587d8e4f4bfa223ad10be2422b8c
  Capacitor: 05d35014f4425b0740fc8776481f6a369ad071bf
  CapacitorApp: e1e6b7d05e444d593ca16fd6d76f2b7c48b5aea7
  CapacitorCordova: b33e7f4aa4ed105dd43283acdd940964374a87d9
  CapacitorHaptics: 4fc15afe22b123d093e6ace24d95e8e3b1f261b9
  CapacitorKeyboard: e89189ad398b815b6ff7e52271f0fb4f911a0a0a
  CapacitorStatusBar: b16799a26320ffa52f6c8b01737d5a95bbb8f3eb
  CapawesomeCapacitorLiveUpdate: 03369336ed53a1a7ef144cd076bd6bdb6900d4fd
  SSZipArchive: fe6a26b2a54d5a0890f2567b5cc6de5caa600aef

PODFILE CHECKSUM: 8419065c73c622d3d930ec3f42168ce17c237fd1

COCOAPODS: 1.16.2
